Jinja2==3.1.6 --hash=sha256:ccb455a2108525dbbbc6bbea6480e279361b9b0801a125b283ed3548021468fe
MarkupSafe==3.0.3 --hash=sha256:1f98114b0e1c46dfe41b6f75c87cab59984a195aa1aa9e3724ee620a1e64de16
PyYAML==6.0.3 --hash=sha256:04c79018f3c223437efe6472d5a4d857cd85d119ccae38262a49cf791e01d214
attrs==26.1.0 --hash=sha256:fe57406f2dd313105b0cadcd6d7a4f9b0c2e2b6f3dc0c1c2e1f58ef3471575d1
click==8.1.8 --hash=sha256:67c863afdb9bd98b964990b9194db936f6f9058ebd9be429d4609c4d855ba97f
diskcache==5.6.3 --hash=sha256:781e30ca941539282c9ade9b6db4a7064cf86426d0b3a181e11b808bae99dde9
glean-parser==20.0.0 --hash=sha256:4ccd2d85182868d81fd5ae7f7f9e4d1805b7c34aeb291c4294d63e6adafe7acb
jsonschema==4.25.1 --hash=sha256:cfc9a79f5295484668100f48ff7247c52f93e68dd4d40bd8bbf8c981c3cf847b
jsonschema-specifications==2025.9.1 --hash=sha256:89137e91d09e8878563241e438aa251207421dbe632718fea80befee8548a23b
platformdirs==4.4.0 --hash=sha256:830c6887fe18416da3b6f642cac5211d7f5ef4534d1bb3f7c6f94f9dd81aa560
referencing==0.36.2 --hash=sha256:0e8452e77922241b4d6f43e904164f8113b9daed4f7580ed440c2844081f3be4
rpds-py==0.27.1 --hash=sha256:d5bb008df81acd0110540f5af3d6dde6d9bd258677f85eb126b285401cd9bbd8
typing-extensions==4.16.0 --hash=sha256:625be0de4a41bc40b4f854c6cdfb4293ab90a415b3ea4e1f260eddcac7a69325
